
Microsoft Visual Studio Solution File, Format Version 12.00
# Visual Studio Version 17
VisualStudioVersion = 17.9.34616.47
MinimumVisualStudioVersion = 10.0.40219.1
Project("{9A19103F-16F7-4668-BE54-9A1E7A4F7556}") = "Mehedi.Hangfire.Extensions", "src\Mehedi.Hangfire.Extensions\Mehedi.Hangfire.Extensions.csproj", "{B3A4D60F-0C36-4740-978C-99F16181AD27}"
EndProject
Project("{2150E333-8FDC-42A3-9474-1A3956D46DE8}") = "src", "src", "{955AAFD3-F0D7-4806-9FF7-41E7C24398E3}"
EndProject
Project("{2150E333-8FDC-42A3-9474-1A3956D46DE8}") = "tests", "tests", "{80C8B450-B184-452A-B3A4-D0066956017C}"
EndProject
Project("{2150E333-8FDC-42A3-9474-1A3956D46DE8}") = "examples", "examples", "{C84E86A6-5864-4D63-B378-0C8721E9C060}"
EndProject
Project("{FAE04EC0-301F-11D3-BF4B-00C04F79EFBC}") = "Hangfire.Extensions.Example", "examples\Hangfire.Extensions.Example\Hangfire.Extensions.Example.csproj", "{4F845282-4F11-4BDF-8748-8F82CC21880D}"
EndProject
Global
	GlobalSection(SolutionConfigurationPlatforms) = preSolution
		Debug|Any CPU = Debug|Any CPU
		Release|Any CPU = Release|Any CPU
	EndGlobalSection
	GlobalSection(ProjectConfigurationPlatforms) = postSolution
		{B3A4D60F-0C36-4740-978C-99F16181AD27}.Debug|Any CPU.ActiveCfg = Debug|Any CPU
		{B3A4D60F-0C36-4740-978C-99F16181AD27}.Debug|Any CPU.Build.0 = Debug|Any CPU
		{B3A4D60F-0C36-4740-978C-99F16181AD27}.Release|Any CPU.ActiveCfg = Release|Any CPU
		{B3A4D60F-0C36-4740-978C-99F16181AD27}.Release|Any CPU.Build.0 = Release|Any CPU
		{4F845282-4F11-4BDF-8748-8F82CC21880D}.Debug|Any CPU.ActiveCfg = Debug|Any CPU
		{4F845282-4F11-4BDF-8748-8F82CC21880D}.Debug|Any CPU.Build.0 = Debug|Any CPU
		{4F845282-4F11-4BDF-8748-8F82CC21880D}.Release|Any CPU.ActiveCfg = Release|Any CPU
		{4F845282-4F11-4BDF-8748-8F82CC21880D}.Release|Any CPU.Build.0 = Release|Any CPU
	EndGlobalSection
	GlobalSection(SolutionProperties) = preSolution
		HideSolutionNode = FALSE
	EndGlobalSection
	GlobalSection(NestedProjects) = preSolution
		{B3A4D60F-0C36-4740-978C-99F16181AD27} = {955AAFD3-F0D7-4806-9FF7-41E7C24398E3}
		{4F845282-4F11-4BDF-8748-8F82CC21880D} = {C84E86A6-5864-4D63-B378-0C8721E9C060}
	EndGlobalSection
	GlobalSection(ExtensibilityGlobals) = postSolution
		SolutionGuid = {93C0B967-A5A7-4C60-A013-D428B1890F90}
	EndGlobalSection
EndGlobal
